// !$*UTF8*$!
{
	archiveVersion = 1;
	classes = {
	};
	objectVersion = 56;
	objects = {

/* Begin PBXBuildFile section */
		0BFE7BAA30F8A380AAC04D35 /* Pods_TodoList_AppTests.framework in Frameworks */ = {isa = PBXBuildFile; fileRef = 3CC7F22B085E0E9E09BFF26B /* Pods_TodoList_AppTests.framework */; };
		6108B30A2A38FDB7BE24F0DC /* Pods_TodoList_App_TodoList_AppUITests.framework in Frameworks */ = {isa = PBXBuildFile; fileRef = 2B2A33EEFE76D0A931EB7027 /* Pods_TodoList_App_TodoList_AppUITests.framework */; };
		A0832C4D6C70F71AD43D4B35 /* Pods_TodoList_App.framework in Frameworks */ = {isa = PBXBuildFile; fileRef = 64E2D88B913861C4EE592A8A /* Pods_TodoList_App.framework */; };
		BF0118F52C88154900E32A66 /* SideMenuModel.swift in Sources */ = {isa = PBXBuildFile; fileRef = BF0118F42C88154900E32A66 /* SideMenuModel.swift */; };
		BF0118FA2C881C1600E32A66 /* SideMenuViewController.swift in Sources */ = {isa = PBXBuildFile; fileRef = BF0118F82C881C1600E32A66 /* SideMenuViewController.swift */; };
		BF0118FB2C881C1600E32A66 /* SideMenuViewController.xib in Resources */ = {isa = PBXBuildFile; fileRef = BF0118F92C881C1600E32A66 /* SideMenuViewController.xib */; };
		BF0119022C881E8200E32A66 /* SideTableViewCell.swift in Sources */ = {isa = PBXBuildFile; fileRef = BF0119002C881E8200E32A66 /* SideTableViewCell.swift */; };
		BF0119032C881E8200E32A66 /* SideTableViewCell.xib in Resources */ = {isa = PBXBuildFile; fileRef = BF0119012C881E8200E32A66 /* SideTableViewCell.xib */; };
		BF0119052C883BBA00E32A66 /* MainViewController.swift in Sources */ = {isa = PBXBuildFile; fileRef = BF0119042C883BBA00E32A66 /* MainViewController.swift */; };
		BF0119072C883D4800E32A66 /* UIViewController+Extension.swift in Sources */ = {isa = PBXBuildFile; fileRef = BF0119062C883D4800E32A66 /* UIViewController+Extension.swift */; };
		BF0119102C8849F300E32A66 /* SettingViewController.swift in Sources */ = {isa = PBXBuildFile; fileRef = BF01190E2C8849F300E32A66 /* SettingViewController.swift */; };
		BF0119112C8849F300E32A66 /* SettingViewController.xib in Resources */ = {isa = PBXBuildFile; fileRef = BF01190F2C8849F300E32A66 /* SettingViewController.xib */; };
		BF0119142C884A0400E32A66 /* EditProfileViewController.swift in Sources */ = {isa = PBXBuildFile; fileRef = BF0119122C884A0400E32A66 /* EditProfileViewController.swift */; };
		BF0119152C884A0400E32A66 /* EditProfileViewController.xib in Resources */ = {isa = PBXBuildFile; fileRef = BF0119132C884A0400E32A66 /* EditProfileViewController.xib */; };
		BF01191B2C896B2500E32A66 /* MenuOption.swift in Sources */ = {isa = PBXBuildFile; fileRef = BF01191A2C896B2500E32A66 /* MenuOption.swift */; };
		BF1388302C7EFEAE00F18DA8 /* HalfSizePresentationController.swift in Sources */ = {isa = PBXBuildFile; fileRef = BF13882F2C7EFEAE00F18DA8 /* HalfSizePresentationController.swift */; };
		BF1388322C7F0EAA00F18DA8 /* ButtonView+Extension.swift in Sources */ = {isa = PBXBuildFile; fileRef = BF1388312C7F0EAA00F18DA8 /* ButtonView+Extension.swift */; };
		BF1388342C7F177500F18DA8 /* TextField+Extension.swift in Sources */ = {isa = PBXBuildFile; fileRef = BF1388332C7F177500F18DA8 /* TextField+Extension.swift */; };
		BF2242872C7716EA004E95D8 /* DateCollectionViewCell.swift in Sources */ = {isa = PBXBuildFile; fileRef = BF2242852C7716EA004E95D8 /* DateCollectionViewCell.swift */; };
		BF2242882C7716EA004E95D8 /* DateCollectionViewCell.xib in Resources */ = {isa = PBXBuildFile; fileRef = BF2242862C7716EA004E95D8 /* DateCollectionViewCell.xib */; };
		BF22428A2C771C57004E95D8 /* UICollectionView+Extension.swift in Sources */ = {isa = PBXBuildFile; fileRef = BF2242892C771C57004E95D8 /* UICollectionView+Extension.swift */; };
		BF3CCD012C7351370082B7AB /* NetworkManager.swift in Sources */ = {isa = PBXBuildFile; fileRef = BF3CCD002C7351370082B7AB /* NetworkManager.swift */; };
		BF3CCD032C7352340082B7AB /* APIEndpoint.swift in Sources */ = {isa = PBXBuildFile; fileRef = BF3CCD022C7352340082B7AB /* APIEndpoint.swift */; };
		BF3CCD052C743FAD0082B7AB /* APIConfig.swift in Sources */ = {isa = PBXBuildFile; fileRef = BF3CCD042C743FAD0082B7AB /* APIConfig.swift */; };
		BF3CCD072C744BB80082B7AB /* AccountResponse.swift in Sources */ = {isa = PBXBuildFile; fileRef = BF3CCD062C744BB80082B7AB /* AccountResponse.swift */; };
		BF3CCD092C7473470082B7AB /* AuthService.swift in Sources */ = {isa = PBXBuildFile; fileRef = BF3CCD082C7473470082B7AB /* AuthService.swift */; };
		BF3CCD0D2C7479090082B7AB /* AuthServiceImpl.swift in Sources */ = {isa = PBXBuildFile; fileRef = BF3CCD0C2C7479090082B7AB /* AuthServiceImpl.swift */; };
		BF5D1ED92C68A1DB00D84AAA /* AppDelegate.swift in Sources */ = {isa = PBXBuildFile; fileRef = BF5D1ED82C68A1DB00D84AAA /* AppDelegate.swift */; };
		BF5D1EDD2C68A1DB00D84AAA /* LoginViewController.swift in Sources */ = {isa = PBXBuildFile; fileRef = BF5D1EDC2C68A1DB00D84AAA /* LoginViewController.swift */; };
		BF5D1EE22C68A1DD00D84AAA /* Assets.xcassets in Resources */ = {isa = PBXBuildFile; fileRef = BF5D1EE12C68A1DD00D84AAA /* Assets.xcassets */; };
		BF5D1EE52C68A1DD00D84AAA /* LaunchScreen.storyboard in Resources */ = {isa = PBXBuildFile; fileRef = BF5D1EE32C68A1DD00D84AAA /* LaunchScreen.storyboard */; };
		BF5D1EF02C68A1DD00D84AAA /* TodoList_AppTests.swift in Sources */ = {isa = PBXBuildFile; fileRef = BF5D1EEF2C68A1DD00D84AAA /* TodoList_AppTests.swift */; };
		BF5D1EFA2C68A1DD00D84AAA /* TodoList_AppUITests.swift in Sources */ = {isa = PBXBuildFile; fileRef = BF5D1EF92C68A1DD00D84AAA /* TodoList_AppUITests.swift */; };
		BF5D1EFC2C68A1DD00D84AAA /* TodoList_AppUITestsLaunchTests.swift in Sources */ = {isa = PBXBuildFile; fileRef = BF5D1EFB2C68A1DD00D84AAA /* TodoList_AppUITestsLaunchTests.swift */; };
		BF5DA6952C80C12500056FE5 /* UpdateTaskViewController.swift in Sources */ = {isa = PBXBuildFile; fileRef = BF5DA6932C80C12500056FE5 /* UpdateTaskViewController.swift */; };
		BF5DA6962C80C12500056FE5 /* UpdateTaskViewController.xib in Resources */ = {isa = PBXBuildFile; fileRef = BF5DA6942C80C12500056FE5 /* UpdateTaskViewController.xib */; };
		BF7FFDDE2C73384C00D0539F /* LoginViewController.xib in Resources */ = {isa = PBXBuildFile; fileRef = BF7FFDDD2C73384C00D0539F /* LoginViewController.xib */; };
		BF87F2992C77A7E8005B87C0 /* TaskTableViewCell.swift in Sources */ = {isa = PBXBuildFile; fileRef = BF87F2972C77A7E8005B87C0 /* TaskTableViewCell.swift */; };
		BF87F29A2C77A7E8005B87C0 /* TaskTableViewCell.xib in Resources */ = {isa = PBXBuildFile; fileRef = BF87F2982C77A7E8005B87C0 /* TaskTableViewCell.xib */; };
		BF87F29C2C7865BD005B87C0 /* TaskModel.swift in Sources */ = {isa = PBXBuildFile; fileRef = BF87F29B2C7865BD005B87C0 /* TaskModel.swift */; };
		BF87F29E2C78665D005B87C0 /* TaskResponse.swift in Sources */ = {isa = PBXBuildFile; fileRef = BF87F29D2C78665D005B87C0 /* TaskResponse.swift */; };
		BF87F2A42C7DAC6B005B87C0 /* String+Extension.swift in Sources */ = {isa = PBXBuildFile; fileRef = BF87F2A32C7DAC6B005B87C0 /* String+Extension.swift */; };
		BF87F2A82C7DB2F0005B87C0 /* TaskService.swift in Sources */ = {isa = PBXBuildFile; fileRef = BF87F2A72C7DB2EF005B87C0 /* TaskService.swift */; };
		BF87F2AA2C7DB32B005B87C0 /* TaskServiceImpl.swift in Sources */ = {isa = PBXBuildFile; fileRef = BF87F2A92C7DB32B005B87C0 /* TaskServiceImpl.swift */; };
		BF87F2AC2C7DB7B4005B87C0 /* UITableView+Extension.swift in Sources */ = {isa = PBXBuildFile; fileRef = BF87F2AB2C7DB7B4005B87C0 /* UITableView+Extension.swift */; };
		BF87F2AE2C7DC24E005B87C0 /* Date+Extension.swift in Sources */ = {isa = PBXBuildFile; fileRef = BF87F2AD2C7DC24E005B87C0 /* Date+Extension.swift */; };
		BF87F2B32C7DD1A0005B87C0 /* AddTaskViewController.swift in Sources */ = {isa = PBXBuildFile; fileRef = BF87F2B12C7DD1A0005B87C0 /* AddTaskViewController.swift */; };
		BF87F2B42C7DD1A0005B87C0 /* AddTaskViewController.xib in Resources */ = {isa = PBXBuildFile; fileRef = BF87F2B22C7DD1A0005B87C0 /* AddTaskViewController.xib */; };
		BFA5B8F32C749B660085F632 /* RegisterViewController.swift in Sources */ = {isa = PBXBuildFile; fileRef = BFA5B8F12C749B660085F632 /* RegisterViewController.swift */; };
		BFA5B8F42C749B660085F632 /* RegisterViewController.xib in Resources */ = {isa = PBXBuildFile; fileRef = BFA5B8F22C749B660085F632 /* RegisterViewController.xib */; };
		BFC9ABBB2C6F367700DED4F7 /* UIColor+Extension.swift in Sources */ = {isa = PBXBuildFile; fileRef = BFC9ABBA2C6F367700DED4F7 /* UIColor+Extension.swift */; };
		BFC9ABBD2C6F398D00DED4F7 /* UIView+Extension.swift in Sources */ = {isa = PBXBuildFile; fileRef = BFC9ABBC2C6F398D00DED4F7 /* UIView+Extension.swift */; };
		BFC9ABC02C6F59DB00DED4F7 /* AccountModel.swift in Sources */ = {isa = PBXBuildFile; fileRef = BFC9ABBF2C6F59DB00DED4F7 /* AccountModel.swift */; };
		BFC9ABC42C6F61F300DED4F7 /* HomeViewController.swift in Sources */ = {isa = PBXBuildFile; fileRef = BFC9ABC22C6F61F300DED4F7 /* HomeViewController.swift */; };
		BFC9ABC52C6F61F300DED4F7 /* HomeViewController.xib in Resources */ = {isa = PBXBuildFile; fileRef = BFC9ABC32C6F61F300DED4F7 /* HomeViewController.xib */; };
		BFEF1F672C8AED2A0025A70D /* UserDefaultsKey.swift in Sources */ = {isa = PBXBuildFile; fileRef = BFEF1F662C8AED2A0025A70D /* UserDefaultsKey.swift */; };
		BFEF1F692C8AEE0E0025A70D /* UserDefaults+Extension.swift in Sources */ = {isa = PBXBuildFile; fileRef = BFEF1F682C8AEE0E0025A70D /* UserDefaults+Extension.swift */; };
/* End PBXBuildFile section */

/* Begin PBXContainerItemProxy section */
		BF5D1EEC2C68A1DD00D84AAA /* PBXContainerItemProxy */ = {
			isa = PBXContainerItemProxy;
			containerPortal = BF5D1ECD2C68A1DA00D84AAA /* Project object */;
			proxyType = 1;
			remoteGlobalIDString = BF5D1ED42C68A1DA00D84AAA;
			remoteInfo = TodoList_App;
		};
		BF5D1EF62C68A1DD00D84AAA /* PBXContainerItemProxy */ = {
			isa = PBXContainerItemProxy;
			containerPortal = BF5D1ECD2C68A1DA00D84AAA /* Project object */;
			proxyType = 1;
			remoteGlobalIDString = BF5D1ED42C68A1DA00D84AAA;
			remoteInfo = TodoList_App;
		};
/* End PBXContainerItemProxy section */

/* Begin PBXFileReference section */
		0A3EB272B88648BF8B4E6574 /* Pods-TodoList_AppTests.release.xcconfig */ = {isa = PBXFileReference; includeInIndex = 1; lastKnownFileType = text.xcconfig; name = "Pods-TodoList_AppTests.release.xcconfig"; path = "Target Support Files/Pods-TodoList_AppTests/Pods-TodoList_AppTests.release.xcconfig"; sourceTree = "<group>"; };
		0B44CF0A3CCEC1A4C1A02272 /* Pods-TodoList_App.release.xcconfig */ = {isa = PBXFileReference; includeInIndex = 1; lastKnownFileType = text.xcconfig; name = "Pods-TodoList_App.release.xcconfig"; path = "Target Support Files/Pods-TodoList_App/Pods-TodoList_App.release.xcconfig"; sourceTree = "<group>"; };
		2B2A33EEFE76D0A931EB7027 /* Pods_TodoList_App_TodoList_AppUITests.framework */ = {isa = PBXFileReference; explicitFileType = wrapper.framework; includeInIndex = 0; path = Pods_TodoList_App_TodoList_AppUITests.framework; sourceTree = BUILT_PRODUCTS_DIR; };
		3521F1F5DBFB9776391167FC /* Pods-TodoList_App-TodoList_AppUITests.debug.xcconfig */ = {isa = PBXFileReference; includeInIndex = 1; lastKnownFileType = text.xcconfig; name = "Pods-TodoList_App-TodoList_AppUITests.debug.xcconfig"; path = "Target Support Files/Pods-TodoList_App-TodoList_AppUITests/Pods-TodoList_App-TodoList_AppUITests.debug.xcconfig"; sourceTree = "<group>"; };
		3CC7F22B085E0E9E09BFF26B /* Pods_TodoList_AppTests.framework */ = {isa = PBXFileReference; explicitFileType = wrapper.framework; includeInIndex = 0; path = Pods_TodoList_AppTests.framework; sourceTree = BUILT_PRODUCTS_DIR; };
		64E2D88B913861C4EE592A8A /* Pods_TodoList_App.framework */ = {isa = PBXFileReference; explicitFileType = wrapper.framework; includeInIndex = 0; path = Pods_TodoList_App.framework; sourceTree = BUILT_PRODUCTS_DIR; };
		6CA275BC56424E9EF21C2506 /* Pods-TodoList_AppTests.debug.xcconfig */ = {isa = PBXFileReference; includeInIndex = 1; lastKnownFileType = text.xcconfig; name = "Pods-TodoList_AppTests.debug.xcconfig"; path = "Target Support Files/Pods-TodoList_AppTests/Pods-TodoList_AppTests.debug.xcconfig"; sourceTree = "<group>"; };
		BF0118F42C88154900E32A66 /* SideMenuModel.swift */ = {isa = PBXFileReference; lastKnownFileType = sourcecode.swift; path = SideMenuModel.swift; sourceTree = "<group>"; };
		BF0118F82C881C1600E32A66 /* SideMenuViewController.swift */ = {isa = PBXFileReference; lastKnownFileType = sourcecode.swift; path = SideMenuViewController.swift; sourceTree = "<group>"; };
		BF0118F92C881C1600E32A66 /* SideMenuViewController.xib */ = {isa = PBXFileReference; lastKnownFileType = file.xib; path = SideMenuViewController.xib; sourceTree = "<group>"; };
		BF0119002C881E8200E32A66 /* SideTableViewCell.swift */ = {isa = PBXFileReference; lastKnownFileType = sourcecode.swift; path = SideTableViewCell.swift; sourceTree = "<group>"; };
		BF0119012C881E8200E32A66 /* SideTableViewCell.xib */ = {isa = PBXFileReference; lastKnownFileType = file.xib; path = SideTableViewCell.xib; sourceTree = "<group>"; };
		BF0119042C883BBA00E32A66 /* MainViewController.swift */ = {isa = PBXFileReference; lastKnownFileType = sourcecode.swift; path = MainViewController.swift; sourceTree = "<group>"; };
		BF0119062C883D4800E32A66 /* UIViewController+Extension.swift */ = {isa = PBXFileReference; lastKnownFileType = sourcecode.swift; path = "UIViewController+Extension.swift"; sourceTree = "<group>"; };
		BF01190E2C8849F300E32A66 /* SettingViewController.swift */ = {isa = PBXFileReference; lastKnownFileType = sourcecode.swift; path = SettingViewController.swift; sourceTree = "<group>"; };
		BF01190F2C8849F300E32A66 /* SettingViewController.xib */ = {isa = PBXFileReference; lastKnownFileType = file.xib; path = SettingViewController.xib; sourceTree = "<group>"; };
		BF0119122C884A0400E32A66 /* EditProfileViewController.swift */ = {isa = PBXFileReference; lastKnownFileType = sourcecode.swift; path = EditProfileViewController.swift; sourceTree = "<group>"; };
		BF0119132C884A0400E32A66 /* EditProfileViewController.xib */ = {isa = PBXFileReference; lastKnownFileType = file.xib; path = EditProfileViewController.xib; sourceTree = "<group>"; };
		BF01191A2C896B2500E32A66 /* MenuOption.swift */ = {isa = PBXFileReference; lastKnownFileType = sourcecode.swift; path = MenuOption.swift; sourceTree = "<group>"; };
		BF13882F2C7EFEAE00F18DA8 /* HalfSizePresentationController.swift */ = {isa = PBXFileReference; lastKnownFileType = sourcecode.swift; path = HalfSizePresentationController.swift; sourceTree = "<group>"; };
		BF1388312C7F0EAA00F18DA8 /* ButtonView+Extension.swift */ = {isa = PBXFileReference; lastKnownFileType = sourcecode.swift; path = "ButtonView+Extension.swift"; sourceTree = "<group>"; };
		BF1388332C7F177500F18DA8 /* TextField+Extension.swift */ = {isa = PBXFileReference; lastKnownFileType = sourcecode.swift; path = "TextField+Extension.swift"; sourceTree = "<group>"; };
		BF2242852C7716EA004E95D8 /* DateCollectionViewCell.swift */ = {isa = PBXFileReference; lastKnownFileType = sourcecode.swift; path = DateCollectionViewCell.swift; sourceTree = "<group>"; };
		BF2242862C7716EA004E95D8 /* DateCollectionViewCell.xib */ = {isa = PBXFileReference; lastKnownFileType = file.xib; path = DateCollectionViewCell.xib; sourceTree = "<group>"; };
		BF2242892C771C57004E95D8 /* UICollectionView+Extension.swift */ = {isa = PBXFileReference; lastKnownFileType = sourcecode.swift; path = "UICollectionView+Extension.swift"; sourceTree = "<group>"; };
		BF3CCD002C7351370082B7AB /* NetworkManager.swift */ = {isa = PBXFileReference; lastKnownFileType = sourcecode.swift; path = NetworkManager.swift; sourceTree = "<group>"; };
		BF3CCD022C7352340082B7AB /* APIEndpoint.swift */ = {isa = PBXFileReference; lastKnownFileType = sourcecode.swift; path = APIEndpoint.swift; sourceTree = "<group>"; };
		BF3CCD042C743FAD0082B7AB /* APIConfig.swift */ = {isa = PBXFileReference; lastKnownFileType = sourcecode.swift; path = APIConfig.swift; sourceTree = "<group>"; };
		BF3CCD062C744BB80082B7AB /* AccountResponse.swift */ = {isa = PBXFileReference; lastKnownFileType = sourcecode.swift; path = AccountResponse.swift; sourceTree = "<group>"; };
		BF3CCD082C7473470082B7AB /* AuthService.swift */ = {isa = PBXFileReference; lastKnownFileType = sourcecode.swift; path = AuthService.swift; sourceTree = "<group>"; };
		BF3CCD0C2C7479090082B7AB /* AuthServiceImpl.swift */ = {isa = PBXFileReference; lastKnownFileType = sourcecode.swift; path = AuthServiceImpl.swift; sourceTree = "<group>"; };
		BF421C251D4961942BFA35C0 /* Pods-TodoList_App.debug.xcconfig */ = {isa = PBXFileReference; includeInIndex = 1; lastKnownFileType = text.xcconfig; name = "Pods-TodoList_App.debug.xcconfig"; path = "Target Support Files/Pods-TodoList_App/Pods-TodoList_App.debug.xcconfig"; sourceTree = "<group>"; };
		BF5D1ED52C68A1DB00D84AAA /* TodoList_App.app */ = {isa = PBXFileReference; explicitFileType = wrapper.application; includeInIndex = 0; path = TodoList_App.app; sourceTree = BUILT_PRODUCTS_DIR; };
		BF5D1ED82C68A1DB00D84AAA /* AppDelegate.swift */ = {isa = PBXFileReference; lastKnownFileType = sourcecode.swift; path = AppDelegate.swift; sourceTree = "<group>"; };
		BF5D1EDC2C68A1DB00D84AAA /* LoginViewController.swift */ = {isa = PBXFileReference; lastKnownFileType = sourcecode.swift; path = LoginViewController.swift; sourceTree = "<group>"; };
		BF5D1EE12C68A1DD00D84AAA /* Assets.xcassets */ = {isa = PBXFileReference; lastKnownFileType = folder.assetcatalog; path = Assets.xcassets; sourceTree = "<group>"; };
		BF5D1EE42C68A1DD00D84AAA /* Base */ = {isa = PBXFileReference; lastKnownFileType = file.storyboard; name = Base; path = Base.lproj/LaunchScreen.storyboard; sourceTree = "<group>"; };
		BF5D1EE62C68A1DD00D84AAA /* Info.plist */ = {isa = PBXFileReference; lastKnownFileType = text.plist.xml; path = Info.plist; sourceTree = "<group>"; };
		BF5D1EEB2C68A1DD00D84AAA /* TodoList_AppTests.xctest */ = {isa = PBXFileReference; explicitFileType = wrapper.cfbundle; includeInIndex = 0; path = TodoList_AppTests.xctest; sourceTree = BUILT_PRODUCTS_DIR; };
		BF5D1EEF2C68A1DD00D84AAA /* TodoList_AppTests.swift */ = {isa = PBXFileReference; lastKnownFileType = sourcecode.swift; path = TodoList_AppTests.swift; sourceTree = "<group>"; };
		BF5D1EF52C68A1DD00D84AAA /* TodoList_AppUITests.xctest */ = {isa = PBXFileReference; explicitFileType = wrapper.cfbundle; includeInIndex = 0; path = TodoList_AppUITests.xctest; sourceTree = BUILT_PRODUCTS_DIR; };
		BF5D1EF92C68A1DD00D84AAA /* TodoList_AppUITests.swift */ = {isa = PBXFileReference; lastKnownFileType = sourcecode.swift; path = TodoList_AppUITests.swift; sourceTree = "<group>"; };
		BF5D1EFB2C68A1DD00D84AAA /* TodoList_AppUITestsLaunchTests.swift */ = {isa = PBXFileReference; lastKnownFileType = sourcecode.swift; path = TodoList_AppUITestsLaunchTests.swift; sourceTree = "<group>"; };
		BF5DA6932C80C12500056FE5 /* UpdateTaskViewController.swift */ = {isa = PBXFileReference; lastKnownFileType = sourcecode.swift; path = UpdateTaskViewController.swift; sourceTree = "<group>"; };
		BF5DA6942C80C12500056FE5 /* UpdateTaskViewController.xib */ = {isa = PBXFileReference; lastKnownFileType = file.xib; path = UpdateTaskViewController.xib; sourceTree = "<group>"; };
		BF7FFDDD2C73384C00D0539F /* LoginViewController.xib */ = {isa = PBXFileReference; lastKnownFileType = file.xib; path = LoginViewController.xib; sourceTree = "<group>"; };
		BF87F2972C77A7E8005B87C0 /* TaskTableViewCell.swift */ = {isa = PBXFileReference; lastKnownFileType = sourcecode.swift; path = TaskTableViewCell.swift; sourceTree = "<group>"; };
		BF87F2982C77A7E8005B87C0 /* TaskTableViewCell.xib */ = {isa = PBXFileReference; lastKnownFileType = file.xib; path = TaskTableViewCell.xib; sourceTree = "<group>"; };
		BF87F29B2C7865BD005B87C0 /* TaskModel.swift */ = {isa = PBXFileReference; lastKnownFileType = sourcecode.swift; path = TaskModel.swift; sourceTree = "<group>"; };
		BF87F29D2C78665D005B87C0 /* TaskResponse.swift */ = {isa = PBXFileReference; lastKnownFileType = sourcecode.swift; path = TaskResponse.swift; sourceTree = "<group>"; };
		BF87F2A32C7DAC6B005B87C0 /* String+Extension.swift */ = {isa = PBXFileReference; lastKnownFileType = sourcecode.swift; path = "String+Extension.swift"; sourceTree = "<group>"; };
		BF87F2A72C7DB2EF005B87C0 /* TaskService.swift */ = {isa = PBXFileReference; lastKnownFileType = sourcecode.swift; path = TaskService.swift; sourceTree = "<group>"; };
		BF87F2A92C7DB32B005B87C0 /* TaskServiceImpl.swift */ = {isa = PBXFileReference; lastKnownFileType = sourcecode.swift; path = TaskServiceImpl.swift; sourceTree = "<group>"; };
		BF87F2AB2C7DB7B4005B87C0 /* UITableView+Extension.swift */ = {isa = PBXFileReference; lastKnownFileType = sourcecode.swift; path = "UITableView+Extension.swift"; sourceTree = "<group>"; };
		BF87F2AD2C7DC24E005B87C0 /* Date+Extension.swift */ = {isa = PBXFileReference; lastKnownFileType = sourcecode.swift; path = "Date+Extension.swift"; sourceTree = "<group>"; };
		BF87F2B12C7DD1A0005B87C0 /* AddTaskViewController.swift */ = {isa = PBXFileReference; lastKnownFileType = sourcecode.swift; path = AddTaskViewController.swift; sourceTree = "<group>"; };
		BF87F2B22C7DD1A0005B87C0 /* AddTaskViewController.xib */ = {isa = PBXFileReference; lastKnownFileType = file.xib; path = AddTaskViewController.xib; sourceTree = "<group>"; };
		BFA5B8F12C749B660085F632 /* RegisterViewController.swift */ = {isa = PBXFileReference; lastKnownFileType = sourcecode.swift; path = RegisterViewController.swift; sourceTree = "<group>"; };
		BFA5B8F22C749B660085F632 /* RegisterViewController.xib */ = {isa = PBXFileReference; lastKnownFileType = file.xib; path = RegisterViewController.xib; sourceTree = "<group>"; };
		BFC9ABBA2C6F367700DED4F7 /* UIColor+Extension.swift */ = {isa = PBXFileReference; lastKnownFileType = sourcecode.swift; path = "UIColor+Extension.swift"; sourceTree = "<group>"; };
		BFC9ABBC2C6F398D00DED4F7 /* UIView+Extension.swift */ = {isa = PBXFileReference; lastKnownFileType = sourcecode.swift; path = "UIView+Extension.swift"; sourceTree = "<group>"; };
		BFC9ABBF2C6F59DB00DED4F7 /* AccountModel.swift */ = {isa = PBXFileReference; lastKnownFileType = sourcecode.swift; path = AccountModel.swift; sourceTree = "<group>"; };
		BFC9ABC22C6F61F300DED4F7 /* HomeViewController.swift */ = {isa = PBXFileReference; lastKnownFileType = sourcecode.swift; path = HomeViewController.swift; sourceTree = "<group>"; };
		BFC9ABC32C6F61F300DED4F7 /* HomeViewController.xib */ = {isa = PBXFileReference; lastKnownFileType = file.xib; path = HomeViewController.xib; sourceTree = "<group>"; };
		BFEF1F662C8AED2A0025A70D /* UserDefaultsKey.swift */ = {isa = PBXFileReference; lastKnownFileType = sourcecode.swift; path = UserDefaultsKey.swift; sourceTree = "<group>"; };
		BFEF1F682C8AEE0E0025A70D /* UserDefaults+Extension.swift */ = {isa = PBXFileReference; lastKnownFileType = sourcecode.swift; path = "UserDefaults+Extension.swift"; sourceTree = "<group>"; };
		E687F38019F382F212B98F6E /* Pods-TodoList_App-TodoList_AppUITests.release.xcconfig */ = {isa = PBXFileReference; includeInIndex = 1; lastKnownFileType = text.xcconfig; name = "Pods-TodoList_App-TodoList_AppUITests.release.xcconfig"; path = "Target Support Files/Pods-TodoList_App-TodoList_AppUITests/Pods-TodoList_App-TodoList_AppUITests.release.xcconfig"; sourceTree = "<group>"; };
/* End PBXFileReference section */

/* Begin PBXFrameworksBuildPhase section */
		BF5D1ED22C68A1DA00D84AAA /* Frameworks */ = {
			isa = PBXFrameworksBuildPhase;
			buildActionMask = 2147483647;
			files = (
				A0832C4D6C70F71AD43D4B35 /* Pods_TodoList_App.framework in Frameworks */,
			);
			runOnlyForDeploymentPostprocessing = 0;
		};
		BF5D1EE82C68A1DD00D84AAA /* Frameworks */ = {
			isa = PBXFrameworksBuildPhase;
			buildActionMask = 2147483647;
			files = (
				0BFE7BAA30F8A380AAC04D35 /* Pods_TodoList_AppTests.framework in Frameworks */,
			);
			runOnlyForDeploymentPostprocessing = 0;
		};
		BF5D1EF22C68A1DD00D84AAA /* Frameworks */ = {
			isa = PBXFrameworksBuildPhase;
			buildActionMask = 2147483647;
			files = (
				6108B30A2A38FDB7BE24F0DC /* Pods_TodoList_App_TodoList_AppUITests.framework in Frameworks */,
			);
			runOnlyForDeploymentPostprocessing = 0;
		};
/* End PBXFrameworksBuildPhase section */

/* Begin PBXGroup section */
		237449B27C52EA0DE34E407D /* Frameworks */ = {
			isa = PBXGroup;
			children = (
				64E2D88B913861C4EE592A8A /* Pods_TodoList_App.framework */,
				2B2A33EEFE76D0A931EB7027 /* Pods_TodoList_App_TodoList_AppUITests.framework */,
				3CC7F22B085E0E9E09BFF26B /* Pods_TodoList_AppTests.framework */,
			);
			name = Frameworks;
			sourceTree = "<group>";
		};
		BF0118F62C8819BF00E32A66 /* SideMenu */ = {
			isa = PBXGroup;
			children = (
				BF0118F72C8819D300E32A66 /* TableView */,
				BF0118F82C881C1600E32A66 /* SideMenuViewController.swift */,
				BF0118F92C881C1600E32A66 /* SideMenuViewController.xib */,
			);
			path = SideMenu;
			sourceTree = "<group>";
		};
		BF0118F72C8819D300E32A66 /* TableView */ = {
			isa = PBXGroup;
			children = (
				BF0119002C881E8200E32A66 /* SideTableViewCell.swift */,
				BF0119012C881E8200E32A66 /* SideTableViewCell.xib */,
			);
			path = TableView;
			sourceTree = "<group>";
		};
		BF0119082C88496100E32A66 /* Home */ = {
			isa = PBXGroup;
			children = (
				BFC9ABC22C6F61F300DED4F7 /* HomeViewController.swift */,
				BF87F2B12C7DD1A0005B87C0 /* AddTaskViewController.swift */,
				BF5DA6932C80C12500056FE5 /* UpdateTaskViewController.swift */,
				BFCCC97D2C7714A800BF84D0 /* CellCollection */,
			);
			path = Home;
			sourceTree = "<group>";
		};
		BF0119092C88498500E32A66 /* Login */ = {
			isa = PBXGroup;
			children = (
				BF5D1EDC2C68A1DB00D84AAA /* LoginViewController.swift */,
			);
			path = Login;
			sourceTree = "<group>";
		};
		BF01190B2C8849B100E32A66 /* Register */ = {
			isa = PBXGroup;
			children = (
				BFA5B8F12C749B660085F632 /* RegisterViewController.swift */,
			);
			path = Register;
			sourceTree = "<group>";
		};
		BF01190C2C8849CC00E32A66 /* EditProfile */ = {
			isa = PBXGroup;
			children = (
				BF0119122C884A0400E32A66 /* EditProfileViewController.swift */,
			);
			path = EditProfile;
			sourceTree = "<group>";
		};
		BF01190D2C8849D700E32A66 /* Setting */ = {
			isa = PBXGroup;
			children = (
				BF01190E2C8849F300E32A66 /* SettingViewController.swift */,
				BF01190F2C8849F300E32A66 /* SettingViewController.xib */,
			);
			path = Setting;
			sourceTree = "<group>";
		};
		BF0119192C896B1600E32A66 /* enum */ = {
			isa = PBXGroup;
			children = (
				BF01191A2C896B2500E32A66 /* MenuOption.swift */,
				BFEF1F662C8AED2A0025A70D /* UserDefaultsKey.swift */,
			);
			path = enum;
			sourceTree = "<group>";
		};
		BF3CCD0A2C74779F0082B7AB /* Networking */ = {
			isa = PBXGroup;
			children = (
				BF87F2A62C7DB2D8005B87C0 /* TaskService */,
				BF87F2A52C7DB2C1005B87C0 /* AuthService */,
				BF3CCD002C7351370082B7AB /* NetworkManager.swift */,
				BF3CCD022C7352340082B7AB /* APIEndpoint.swift */,
				BF3CCD042C743FAD0082B7AB /* APIConfig.swift */,
			);
			path = Networking;
			sourceTree = "<group>";
		};
		BF3CCD0B2C7477A60082B7AB /* Extensions */ = {
			isa = PBXGroup;
			children = (
				BFC9ABBA2C6F367700DED4F7 /* UIColor+Extension.swift */,
				BFC9ABBC2C6F398D00DED4F7 /* UIView+Extension.swift */,
				BF2242892C771C57004E95D8 /* UICollectionView+Extension.swift */,
				BF87F2A32C7DAC6B005B87C0 /* String+Extension.swift */,
				BF87F2AB2C7DB7B4005B87C0 /* UITableView+Extension.swift */,
				BF87F2AD2C7DC24E005B87C0 /* Date+Extension.swift */,
				BF1388312C7F0EAA00F18DA8 /* ButtonView+Extension.swift */,
				BF1388332C7F177500F18DA8 /* TextField+Extension.swift */,
				BF0119062C883D4800E32A66 /* UIViewController+Extension.swift */,
				BFEF1F682C8AEE0E0025A70D /* UserDefaults+Extension.swift */,
			);
			path = Extensions;
			sourceTree = "<group>";
		};
		BF5D1ECC2C68A1DA00D84AAA = {
			isa = PBXGroup;
			children = (
				BF5D1ED72C68A1DB00D84AAA /* TodoList_App */,
				BF5D1EEE2C68A1DD00D84AAA /* TodoList_AppTests */,
				BF5D1EF82C68A1DD00D84AAA /* TodoList_AppUITests */,
				BF5D1ED62C68A1DB00D84AAA /* Products */,
				CF4488872E235AEBB8750B61 /* Pods */,
				237449B27C52EA0DE34E407D /* Frameworks */,
			);
			sourceTree = "<group>";
		};
		BF5D1ED62C68A1DB00D84AAA /* Products */ = {
			isa = PBXGroup;
			children = (
				BF5D1ED52C68A1DB00D84AAA /* TodoList_App.app */,
				BF5D1EEB2C68A1DD00D84AAA /* TodoList_AppTests.xctest */,
				BF5D1EF52C68A1DD00D84AAA /* TodoList_AppUITests.xctest */,
			);
			name = Products;
			sourceTree = "<group>";
		};
		BF5D1ED72C68A1DB00D84AAA /* TodoList_App */ = {
			isa = PBXGroup;
			children = (
				BFC9ABC12C6F619800DED4F7 /* Controller */,
				BFC9ABBE2C6F59C200DED4F7 /* Model */,
				BFC9ABB92C6F366200DED4F7 /* utility  */,
				BFC9ABB82C6F337200DED4F7 /* view */,
				BF5D1ED82C68A1DB00D84AAA /* AppDelegate.swift */,
				BF5D1EE12C68A1DD00D84AAA /* Assets.xcassets */,
				BF5D1EE32C68A1DD00D84AAA /* LaunchScreen.storyboard */,
				BF5D1EE62C68A1DD00D84AAA /* Info.plist */,
			);
			path = TodoList_App;
			sourceTree = "<group>";
		};
		BF5D1EEE2C68A1DD00D84AAA /* TodoList_AppTests */ = {
			isa = PBXGroup;
			children = (
				BF5D1EEF2C68A1DD00D84AAA /* TodoList_AppTests.swift */,
			);
			path = TodoList_AppTests;
			sourceTree = "<group>";
		};
		BF5D1EF82C68A1DD00D84AAA /* TodoList_AppUITests */ = {
			isa = PBXGroup;
			children = (
				BF5D1EF92C68A1DD00D84AAA /* TodoList_AppUITests.swift */,
				BF5D1EFB2C68A1DD00D84AAA /* TodoList_AppUITestsLaunchTests.swift */,
			);
			path = TodoList_AppUITests;
			sourceTree = "<group>";
		};
		BF87F2A52C7DB2C1005B87C0 /* AuthService */ = {
			isa = PBXGroup;
			children = (
				BF3CCD082C7473470082B7AB /* AuthService.swift */,
				BF3CCD0C2C7479090082B7AB /* AuthServiceImpl.swift */,
			);
			path = AuthService;
			sourceTree = "<group>";
		};
		BF87F2A62C7DB2D8005B87C0 /* TaskService */ = {
			isa = PBXGroup;
			children = (
				BF87F2A72C7DB2EF005B87C0 /* TaskService.swift */,
				BF87F2A92C7DB32B005B87C0 /* TaskServiceImpl.swift */,
			);
			path = TaskService;
			sourceTree = "<group>";
		};
		BFC9ABB82C6F337200DED4F7 /* view */ = {
			isa = PBXGroup;
			children = (
				BF5DA6942C80C12500056FE5 /* UpdateTaskViewController.xib */,
				BFCCC9782C77146700BF84D0 /* Cell */,
				BFA5B8F22C749B660085F632 /* RegisterViewController.xib */,
				BFC9ABC32C6F61F300DED4F7 /* HomeViewController.xib */,
				BF7FFDDD2C73384C00D0539F /* LoginViewController.xib */,
				BF87F2B22C7DD1A0005B87C0 /* AddTaskViewController.xib */,
				BF0119132C884A0400E32A66 /* EditProfileViewController.xib */,
			);
			path = view;
			sourceTree = "<group>";
		};
		BFC9ABB92C6F366200DED4F7 /* utility  */ = {
			isa = PBXGroup;
			children = (
				BF3CCD0B2C7477A60082B7AB /* Extensions */,
				BF3CCD0A2C74779F0082B7AB /* Networking */,
				BF13882F2C7EFEAE00F18DA8 /* HalfSizePresentationController.swift */,
			);
			path = "utility ";
			sourceTree = "<group>";
		};
		BFC9ABBE2C6F59C200DED4F7 /* Model */ = {
			isa = PBXGroup;
			children = (
				BF0119192C896B1600E32A66 /* enum */,
				BFC9ABBF2C6F59DB00DED4F7 /* AccountModel.swift */,
				BF3CCD062C744BB80082B7AB /* AccountResponse.swift */,
				BF87F29B2C7865BD005B87C0 /* TaskModel.swift */,
				BF87F29D2C78665D005B87C0 /* TaskResponse.swift */,
				BF0118F42C88154900E32A66 /* SideMenuModel.swift */,
			);
			path = Model;
			sourceTree = "<group>";
		};
		BFC9ABC12C6F619800DED4F7 /* Controller */ = {
			isa = PBXGroup;
			children = (
				BF01190D2C8849D700E32A66 /* Setting */,
				BF01190C2C8849CC00E32A66 /* EditProfile */,
				BF01190B2C8849B100E32A66 /* Register */,
				BF0119092C88498500E32A66 /* Login */,
				BF0119082C88496100E32A66 /* Home */,
				BF0118F62C8819BF00E32A66 /* SideMenu */,
				BF0119042C883BBA00E32A66 /* MainViewController.swift */,
			);
			path = Controller;
			sourceTree = "<group>";
		};
		BFCCC9782C77146700BF84D0 /* Cell */ = {
			isa = PBXGroup;
			children = (
				BF87F2982C77A7E8005B87C0 /* TaskTableViewCell.xib */,
				BF2242862C7716EA004E95D8 /* DateCollectionViewCell.xib */,
			);
			path = Cell;
			sourceTree = "<group>";
		};
		BFCCC97D2C7714A800BF84D0 /* CellCollection */ = {
			isa = PBXGroup;
			children = (
				BF2242852C7716EA004E95D8 /* DateCollectionViewCell.swift */,
				BF87F2972C77A7E8005B87C0 /* TaskTableViewCell.swift */,
			);
			path = CellCollection;
			sourceTree = "<group>";
		};
		CF4488872E235AEBB8750B61 /* Pods */ = {
			isa = PBXGroup;
			children = (
				BF421C251D4961942BFA35C0 /* Pods-TodoList_App.debug.xcconfig */,
				0B44CF0A3CCEC1A4C1A02272 /* Pods-TodoList_App.release.xcconfig */,
				3521F1F5DBFB9776391167FC /* Pods-TodoList_App-TodoList_AppUITests.debug.xcconfig */,
				E687F38019F382F212B98F6E /* Pods-TodoList_App-TodoList_AppUITests.release.xcconfig */,
				6CA275BC56424E9EF21C2506 /* Pods-TodoList_AppTests.debug.xcconfig */,
				0A3EB272B88648BF8B4E6574 /* Pods-TodoList_AppTests.release.xcconfig */,
			);
			path = Pods;
			sourceTree = "<group>";
		};
/* End PBXGroup section */

/* Begin PBXNativeTarget section */
		BF5D1ED42C68A1DA00D84AAA /* TodoList_App */ = {
			isa = PBXNativeTarget;
			buildConfigurationList = BF5D1EFF2C68A1DD00D84AAA /* Build configuration list for PBXNativeTarget "TodoList_App" */;
			buildPhases = (
				23460AFC991309D6D40D2FC9 /* [CP] Check Pods Manifest.lock */,
				BF5D1ED12C68A1DA00D84AAA /* Sources */,
				BF5D1ED22C68A1DA00D84AAA /* Frameworks */,
				BF5D1ED32C68A1DA00D84AAA /* Resources */,
				8331873CE116F969A293BF23 /* [CP] Embed Pods Frameworks */,
			);
			buildRules = (
			);
			dependencies = (
			);
			name = TodoList_App;
			productName = TodoList_App;
			productReference = BF5D1ED52C68A1DB00D84AAA /* TodoList_App.app */;
			productType = "com.apple.product-type.application";
		};
		BF5D1EEA2C68A1DD00D84AAA /* TodoList_AppTests */ = {
			isa = PBXNativeTarget;
			buildConfigurationList = BF5D1F022C68A1DD00D84AAA /* Build configuration list for PBXNativeTarget "TodoList_AppTests" */;
			buildPhases = (
				5B9C508B6B57EDB61FB0BA41 /* [CP] Check Pods Manifest.lock */,
				BF5D1EE72C68A1DD00D84AAA /* Sources */,
				BF5D1EE82C68A1DD00D84AAA /* Frameworks */,
				BF5D1EE92C68A1DD00D84AAA /* Resources */,
			);
			buildRules = (
			);
			dependencies = (
				BF5D1EED2C68A1DD00D84AAA /* PBXTargetDependency */,
			);
			name = TodoList_AppTests;
			productName = TodoList_AppTests;
			productReference = BF5D1EEB2C68A1DD00D84AAA /* TodoList_AppTests.xctest */;
			productType = "com.apple.product-type.bundle.unit-test";
		};
		BF5D1EF42C68A1DD00D84AAA /* TodoList_AppUITests */ = {
			isa = PBXNativeTarget;
			buildConfigurationList = BF5D1F052C68A1DD00D84AAA /* Build configuration list for PBXNativeTarget "TodoList_AppUITests" */;
			buildPhases = (
				E7CE8BC4038CCD629AA9A302 /* [CP] Check Pods Manifest.lock */,
				BF5D1EF12C68A1DD00D84AAA /* Sources */,
				BF5D1EF22C68A1DD00D84AAA /* Frameworks */,
				BF5D1EF32C68A1DD00D84AAA /* Resources */,
				92896A8593705438079223C7 /* [CP] Embed Pods Frameworks */,
			);
			buildRules = (
			);
			dependencies = (
				BF5D1EF72C68A1DD00D84AAA /* PBXTargetDependency */,
			);
			name = TodoList_AppUITests;
			productName = TodoList_AppUITests;
			productReference = BF5D1EF52C68A1DD00D84AAA /* TodoList_AppUITests.xctest */;
			productType = "com.apple.product-type.bundle.ui-testing";
		};
/* End PBXNativeTarget section */

/* Begin PBXProject section */
		BF5D1ECD2C68A1DA00D84AAA /* Project object */ = {
			isa = PBXProject;
			attributes = {
				BuildIndependentTargetsInParallel = 1;
				LastSwiftUpdateCheck = 1520;
				LastUpgradeCheck = 1520;
				TargetAttributes = {
					BF5D1ED42C68A1DA00D84AAA = {
						CreatedOnToolsVersion = 15.2;
					};
					BF5D1EEA2C68A1DD00D84AAA = {
						CreatedOnToolsVersion = 15.2;
						TestTargetID = BF5D1ED42C68A1DA00D84AAA;
					};
					BF5D1EF42C68A1DD00D84AAA = {
						CreatedOnToolsVersion = 15.2;
						TestTargetID = BF5D1ED42C68A1DA00D84AAA;
					};
				};
			};
			buildConfigurationList = BF5D1ED02C68A1DA00D84AAA /* Build configuration list for PBXProject "TodoList_App" */;
			compatibilityVersion = "Xcode 14.0";
			developmentRegion = en;
			hasScannedForEncodings = 0;
			knownRegions = (
				en,
				Base,
			);
			mainGroup = BF5D1ECC2C68A1DA00D84AAA;
			productRefGroup = BF5D1ED62C68A1DB00D84AAA /* Products */;
			projectDirPath = "";
			projectRoot = "";
			targets = (
				BF5D1ED42C68A1DA00D84AAA /* TodoList_App */,
				BF5D1EEA2C68A1DD00D84AAA /* TodoList_AppTests */,
				BF5D1EF42C68A1DD00D84AAA /* TodoList_AppUITests */,
			);
		};
/* End PBXProject section */

/* Begin PBXResourcesBuildPhase section */
		BF5D1ED32C68A1DA00D84AAA /* Resources */ = {
			isa = PBXResourcesBuildPhase;
			buildActionMask = 2147483647;
			files = (
				BF2242882C7716EA004E95D8 /* DateCollectionViewCell.xib in Resources */,
				BF0119152C884A0400E32A66 /* EditProfileViewController.xib in Resources */,
				BF7FFDDE2C73384C00D0539F /* LoginViewController.xib in Resources */,
				BF5DA6962C80C12500056FE5 /* UpdateTaskViewController.xib in Resources */,
				BFA5B8F42C749B660085F632 /* RegisterViewController.xib in Resources */,
				BF5D1EE52C68A1DD00D84AAA /* LaunchScreen.storyboard in Resources */,
				BF5D1EE22C68A1DD00D84AAA /* Assets.xcassets in Resources */,
				BF0119032C881E8200E32A66 /* SideTableViewCell.xib in Resources */,
				BF0119112C8849F300E32A66 /* SettingViewController.xib in Resources */,
				BF0118FB2C881C1600E32A66 /* SideMenuViewController.xib in Resources */,
				BF87F2B42C7DD1A0005B87C0 /* AddTaskViewController.xib in Resources */,
				BFC9ABC52C6F61F300DED4F7 /* HomeViewController.xib in Resources */,
				BF87F29A2C77A7E8005B87C0 /* TaskTableViewCell.xib in Resources */,
			);
			runOnlyForDeploymentPostprocessing = 0;
		};
		BF5D1EE92C68A1DD00D84AAA /* Resources */ = {
			isa = PBXResourcesBuildPhase;
			buildActionMask = 2147483647;
			files = (
			);
			runOnlyForDeploymentPostprocessing = 0;
		};
		BF5D1EF32C68A1DD00D84AAA /* Resources */ = {
			isa = PBXResourcesBuildPhase;
			buildActionMask = 2147483647;
			files = (
			);
			runOnlyForDeploymentPostprocessing = 0;
		};
/* End PBXResourcesBuildPhase section */

/* Begin PBXShellScriptBuildPhase section */
		23460AFC991309D6D40D2FC9 /* [CP] Check Pods Manifest.lock */ = {
			isa = PBXShellScriptBuildPhase;
			buildActionMask = 2147483647;
			files = (
			);
			inputFileListPaths = (
			);
			inputPaths = (
				"${PODS_PODFILE_DIR_PATH}/Podfile.lock",
				"${PODS_ROOT}/Manifest.lock",
			);
			name = "[CP] Check Pods Manifest.lock";
			outputFileListPaths = (
			);
			outputPaths = (
				"$(DERIVED_FILE_DIR)/Pods-TodoList_App-checkManifestLockResult.txt",
			);
			runOnlyForDeploymentPostprocessing = 0;
			shellPath = /bin/sh;
			shellScript = "diff \"${PODS_PODFILE_DIR_PATH}/Podfile.lock\" \"${PODS_ROOT}/Manifest.lock\" > /dev/null\nif [ $? != 0 ] ; then\n    # print error to STDERR\n    echo \"error: The sandbox is not in sync with the Podfile.lock. Run 'pod install' or update your CocoaPods installation.\" >&2\n    exit 1\nfi\n# This output is used by Xcode 'outputs' to avoid re-running this script phase.\necho \"SUCCESS\" > \"${SCRIPT_OUTPUT_FILE_0}\"\n";
			showEnvVarsInLog = 0;
		};
		5B9C508B6B57EDB61FB0BA41 /* [CP] Check Pods Manifest.lock */ = {
			isa = PBXShellScriptBuildPhase;
			buildActionMask = 2147483647;
			files = (
			);
			inputFileListPaths = (
			);
			inputPaths = (
				"${PODS_PODFILE_DIR_PATH}/Podfile.lock",
				"${PODS_ROOT}/Manifest.lock",
			);
			name = "[CP] Check Pods Manifest.lock";
			outputFileListPaths = (
			);
			outputPaths = (
				"$(DERIVED_FILE_DIR)/Pods-TodoList_AppTests-checkManifestLockResult.txt",
			);
			runOnlyForDeploymentPostprocessing = 0;
			shellPath = /bin/sh;
			shellScript = "diff \"${PODS_PODFILE_DIR_PATH}/Podfile.lock\" \"${PODS_ROOT}/Manifest.lock\" > /dev/null\nif [ $? != 0 ] ; then\n    # print error to STDERR\n    echo \"error: The sandbox is not in sync with the Podfile.lock. Run 'pod install' or update your CocoaPods installation.\" >&2\n    exit 1\nfi\n# This output is used by Xcode 'outputs' to avoid re-running this script phase.\necho \"SUCCESS\" > \"${SCRIPT_OUTPUT_FILE_0}\"\n";
			showEnvVarsInLog = 0;
		};
		8331873CE116F969A293BF23 /* [CP] Embed Pods Frameworks */ = {
			isa = PBXShellScriptBuildPhase;
			buildActionMask = 2147483647;
			files = (
			);
			inputFileListPaths = (
				"${PODS_ROOT}/Target Support Files/Pods-TodoList_App/Pods-TodoList_App-frameworks-${CONFIGURATION}-input-files.xcfilelist",
			);
			name = "[CP] Embed Pods Frameworks";
			outputFileListPaths = (
				"${PODS_ROOT}/Target Support Files/Pods-TodoList_App/Pods-TodoList_App-frameworks-${CONFIGURATION}-output-files.xcfilelist",
			);
			runOnlyForDeploymentPostprocessing = 0;
			shellPath = /bin/sh;
			shellScript = "\"${PODS_ROOT}/Target Support Files/Pods-TodoList_App/Pods-TodoList_App-frameworks.sh\"\n";
			showEnvVarsInLog = 0;
		};
		92896A8593705438079223C7 /* [CP] Embed Pods Frameworks */ = {
			isa = PBXShellScriptBuildPhase;
			buildActionMask = 2147483647;
			files = (
			);
			inputFileListPaths = (
				"${PODS_ROOT}/Target Support Files/Pods-TodoList_App-TodoList_AppUITests/Pods-TodoList_App-TodoList_AppUITests-frameworks-${CONFIGURATION}-input-files.xcfilelist",
			);
			name = "[CP] Embed Pods Frameworks";
			outputFileListPaths = (
				"${PODS_ROOT}/Target Support Files/Pods-TodoList_App-TodoList_AppUITests/Pods-TodoList_App-TodoList_AppUITests-frameworks-${CONFIGURATION}-output-files.xcfilelist",
			);
			runOnlyForDeploymentPostprocessing = 0;
			shellPath = /bin/sh;
			shellScript = "\"${PODS_ROOT}/Target Support Files/Pods-TodoList_App-TodoList_AppUITests/Pods-TodoList_App-TodoList_AppUITests-frameworks.sh\"\n";
			showEnvVarsInLog = 0;
		};
		E7CE8BC4038CCD629AA9A302 /* [CP] Check Pods Manifest.lock */ = {
			isa = PBXShellScriptBuildPhase;
			buildActionMask = 2147483647;
			files = (
			);
			inputFileListPaths = (
			);
			inputPaths = (
				"${PODS_PODFILE_DIR_PATH}/Podfile.lock",
				"${PODS_ROOT}/Manifest.lock",
			);
			name = "[CP] Check Pods Manifest.lock";
			outputFileListPaths = (
			);
			outputPaths = (
				"$(DERIVED_FILE_DIR)/Pods-TodoList_App-TodoList_AppUITests-checkManifestLockResult.txt",
			);
			runOnlyForDeploymentPostprocessing = 0;
			shellPath = /bin/sh;
			shellScript = "diff \"${PODS_PODFILE_DIR_PATH}/Podfile.lock\" \"${PODS_ROOT}/Manifest.lock\" > /dev/null\nif [ $? != 0 ] ; then\n    # print error to STDERR\n    echo \"error: The sandbox is not in sync with the Podfile.lock. Run 'pod install' or update your CocoaPods installation.\" >&2\n    exit 1\nfi\n# This output is used by Xcode 'outputs' to avoid re-running this script phase.\necho \"SUCCESS\" > \"${SCRIPT_OUTPUT_FILE_0}\"\n";
			showEnvVarsInLog = 0;
		};
/* End PBXShellScriptBuildPhase section */

/* Begin PBXSourcesBuildPhase section */
		BF5D1ED12C68A1DA00D84AAA /* Sources */ = {
			isa = PBXSourcesBuildPhase;
			buildActionMask = 2147483647;
			files = (
				BF87F2A82C7DB2F0005B87C0 /* TaskService.swift in Sources */,
				BF87F2B32C7DD1A0005B87C0 /* AddTaskViewController.swift in Sources */,
				BFEF1F672C8AED2A0025A70D /* UserDefaultsKey.swift in Sources */,
				BF5D1EDD2C68A1DB00D84AAA /* LoginViewController.swift in Sources */,
				BF3CCD0D2C7479090082B7AB /* AuthServiceImpl.swift in Sources */,
				BFC9ABC02C6F59DB00DED4F7 /* AccountModel.swift in Sources */,
				BF0119102C8849F300E32A66 /* SettingViewController.swift in Sources */,
				BF87F2A42C7DAC6B005B87C0 /* String+Extension.swift in Sources */,
				BF3CCD072C744BB80082B7AB /* AccountResponse.swift in Sources */,
				BF0118FA2C881C1600E32A66 /* SideMenuViewController.swift in Sources */,
				BF87F2AE2C7DC24E005B87C0 /* Date+Extension.swift in Sources */,
				BF5D1ED92C68A1DB00D84AAA /* AppDelegate.swift in Sources */,
				BF87F2AA2C7DB32B005B87C0 /* TaskServiceImpl.swift in Sources */,
				BF5DA6952C80C12500056FE5 /* UpdateTaskViewController.swift in Sources */,
				BF01191B2C896B2500E32A66 /* MenuOption.swift in Sources */,
				BF0119072C883D4800E32A66 /* UIViewController+Extension.swift in Sources */,
				BF87F29E2C78665D005B87C0 /* TaskResponse.swift in Sources */,
				BF3CCD012C7351370082B7AB /* NetworkManager.swift in Sources */,
				BF22428A2C771C57004E95D8 /* UICollectionView+Extension.swift in Sources */,
				BF87F2AC2C7DB7B4005B87C0 /* UITableView+Extension.swift in Sources */,
				BF87F29C2C7865BD005B87C0 /* TaskModel.swift in Sources */,
				BF2242872C7716EA004E95D8 /* DateCollectionViewCell.swift in Sources */,
				BF0119142C884A0400E32A66 /* EditProfileViewController.swift in Sources */,
				BF87F2992C77A7E8005B87C0 /* TaskTableViewCell.swift in Sources */,
				BF3CCD092C7473470082B7AB /* AuthService.swift in Sources */,
				BF0119022C881E8200E32A66 /* SideTableViewCell.swift in Sources */,
				BF1388342C7F177500F18DA8 /* TextField+Extension.swift in Sources */,
				BF3CCD032C7352340082B7AB /* APIEndpoint.swift in Sources */,
				BF0119052C883BBA00E32A66 /* MainViewController.swift in Sources */,
				BF3CCD052C743FAD0082B7AB /* APIConfig.swift in Sources */,
				BFEF1F692C8AEE0E0025A70D /* UserDefaults+Extension.swift in Sources */,
				BFC9ABBD2C6F398D00DED4F7 /* UIView+Extension.swift in Sources */,
				BFA5B8F32C749B660085F632 /* RegisterViewController.swift in Sources */,
				BF1388302C7EFEAE00F18DA8 /* HalfSizePresentationController.swift in Sources */,
				BFC9ABC42C6F61F300DED4F7 /* HomeViewController.swift in Sources */,
				BF0118F52C88154900E32A66 /* SideMenuModel.swift in Sources */,
				BF1388322C7F0EAA00F18DA8 /* ButtonView+Extension.swift in Sources */,
				BFC9ABBB2C6F367700DED4F7 /* UIColor+Extension.swift in Sources */,
			);
			runOnlyForDeploymentPostprocessing = 0;
		};
		BF5D1EE72C68A1DD00D84AAA /* Sources */ = {
			isa = PBXSourcesBuildPhase;
			buildActionMask = 2147483647;
			files = (
				BF5D1EF02C68A1DD00D84AAA /* TodoList_AppTests.swift in Sources */,
			);
			runOnlyForDeploymentPostprocessing = 0;
		};
		BF5D1EF12C68A1DD00D84AAA /* Sources */ = {
			isa = PBXSourcesBuildPhase;
			buildActionMask = 2147483647;
			files = (
				BF5D1EFC2C68A1DD00D84AAA /* TodoList_AppUITestsLaunchTests.swift in Sources */,
				BF5D1EFA2C68A1DD00D84AAA /* TodoList_AppUITests.swift in Sources */,
			);
			runOnlyForDeploymentPostprocessing = 0;
		};
/* End PBXSourcesBuildPhase section */

/* Begin PBXTargetDependency section */
		BF5D1EED2C68A1DD00D84AAA /* PBXTargetDependency */ = {
			isa = PBXTargetDependency;
			target = BF5D1ED42C68A1DA00D84AAA /* TodoList_App */;
			targetProxy = BF5D1EEC2C68A1DD00D84AAA /* PBXContainerItemProxy */;
		};
		BF5D1EF72C68A1DD00D84AAA /* PBXTargetDependency */ = {
			isa = PBXTargetDependency;
			target = BF5D1ED42C68A1DA00D84AAA /* TodoList_App */;
			targetProxy = BF5D1EF62C68A1DD00D84AAA /* PBXContainerItemProxy */;
		};
/* End PBXTargetDependency section */

/* Begin PBXVariantGroup section */
		BF5D1EE32C68A1DD00D84AAA /* LaunchScreen.storyboard */ = {
			isa = PBXVariantGroup;
			children = (
				BF5D1EE42C68A1DD00D84AAA /* Base */,
			);
			name = LaunchScreen.storyboard;
			sourceTree = "<group>";
		};
/* End PBXVariantGroup section */

/* Begin XCBuildConfiguration section */
		BF5D1EFD2C68A1DD00D84AAA /* Debug */ = {
			isa = XCBuildConfiguration;
			buildSettings = {
				ALWAYS_SEARCH_USER_PATHS = NO;
				ASSETCATALOG_COMPILER_GENERATE_SWIFT_ASSET_SYMBOL_EXTENSIONS = YES;
				CLANG_ANALYZER_NONNULL = YES;
				CLANG_ANALYZER_NUMBER_OBJECT_CONVERSION = YES_AGGRESSIVE;
				CLANG_CXX_LANGUAGE_STANDARD = "gnu++20";
				CLANG_ENABLE_MODULES = YES;
				CLANG_ENABLE_OBJC_ARC = YES;
				CLANG_ENABLE_OBJC_WEAK = YES;
				CLANG_WARN_BLOCK_CAPTURE_AUTORELEASING = YES;
				CLANG_WARN_BOOL_CONVERSION = YES;
				CLANG_WARN_COMMA = YES;
				CLANG_WARN_CONSTANT_CONVERSION = YES;
				CLANG_WARN_DEPRECATED_OBJC_IMPLEMENTATIONS = YES;
				CLANG_WARN_DIRECT_OBJC_ISA_USAGE = YES_ERROR;
				CLANG_WARN_DOCUMENTATION_COMMENTS = YES;
				CLANG_WARN_EMPTY_BODY = YES;
				CLANG_WARN_ENUM_CONVERSION = YES;
				CLANG_WARN_INFINITE_RECURSION = YES;
				CLANG_WARN_INT_CONVERSION = YES;
				CLANG_WARN_NON_LITERAL_NULL_CONVERSION = YES;
				CLANG_WARN_OBJC_IMPLICIT_RETAIN_SELF = YES;
				CLANG_WARN_OBJC_LITERAL_CONVERSION = YES;
				CLANG_WARN_OBJC_ROOT_CLASS = YES_ERROR;
				CLANG_WARN_QUOTED_INCLUDE_IN_FRAMEWORK_HEADER = YES;
				CLANG_WARN_RANGE_LOOP_ANALYSIS = YES;
				CLANG_WARN_STRICT_PROTOTYPES = YES;
				CLANG_WARN_SUSPICIOUS_MOVE = YES;
				CLANG_WARN_UNGUARDED_AVAILABILITY = YES_AGGRESSIVE;
				CLANG_WARN_UNREACHABLE_CODE = YES;
				CLANG_WARN__DUPLICATE_METHOD_MATCH = YES;
				COPY_PHASE_STRIP = NO;
				DEBUG_INFORMATION_FORMAT = dwarf;
				ENABLE_STRICT_OBJC_MSGSEND = YES;
				ENABLE_TESTABILITY = YES;
				ENABLE_USER_SCRIPT_SANDBOXING = YES;
				GCC_C_LANGUAGE_STANDARD = gnu17;
				GCC_DYNAMIC_NO_PIC = NO;
				GCC_NO_COMMON_BLOCKS = YES;
				GCC_OPTIMIZATION_LEVEL = 0;
				GCC_PREPROCESSOR_DEFINITIONS = (
					"DEBUG=1",
					"$(inherited)",
				);
				GCC_WARN_64_TO_32_BIT_CONVERSION = YES;
				GCC_WARN_ABOUT_RETURN_TYPE = YES_ERROR;
				GCC_WARN_UNDECLARED_SELECTOR = YES;
				GCC_WARN_UNINITIALIZED_AUTOS = YES_AGGRESSIVE;
				GCC_WARN_UNUSED_FUNCTION = YES;
				GCC_WARN_UNUSED_VARIABLE = YES;
				IPHONEOS_DEPLOYMENT_TARGET = 17.2;
				LOCALIZATION_PREFERS_STRING_CATALOGS = YES;
				MTL_ENABLE_DEBUG_INFO = INCLUDE_SOURCE;
				MTL_FAST_MATH = YES;
				ONLY_ACTIVE_ARCH = YES;
				SDKROOT = iphoneos;
				SWIFT_ACTIVE_COMPILATION_CONDITIONS = "DEBUG $(inherited)";
				SWIFT_OPTIMIZATION_LEVEL = "-Onone";
			};
			name = Debug;
		};
		BF5D1EFE2C68A1DD00D84AAA /* Release */ = {
			isa = XCBuildConfiguration;
			buildSettings = {
				ALWAYS_SEARCH_USER_PATHS = NO;
				ASSETCATALOG_COMPILER_GENERATE_SWIFT_ASSET_SYMBOL_EXTENSIONS = YES;
				CLANG_ANALYZER_NONNULL = YES;
				CLANG_ANALYZER_NUMBER_OBJECT_CONVERSION = YES_AGGRESSIVE;
				CLANG_CXX_LANGUAGE_STANDARD = "gnu++20";
				CLANG_ENABLE_MODULES = YES;
				CLANG_ENABLE_OBJC_ARC = YES;
				CLANG_ENABLE_OBJC_WEAK = YES;
				CLANG_WARN_BLOCK_CAPTURE_AUTORELEASING = YES;
				CLANG_WARN_BOOL_CONVERSION = YES;
				CLANG_WARN_COMMA = YES;
				CLANG_WARN_CONSTANT_CONVERSION = YES;
				CLANG_WARN_DEPRECATED_OBJC_IMPLEMENTATIONS = YES;
				CLANG_WARN_DIRECT_OBJC_ISA_USAGE = YES_ERROR;
				CLANG_WARN_DOCUMENTATION_COMMENTS = YES;
				CLANG_WARN_EMPTY_BODY = YES;
				CLANG_WARN_ENUM_CONVERSION = YES;
				CLANG_WARN_INFINITE_RECURSION = YES;
				CLANG_WARN_INT_CONVERSION = YES;
				CLANG_WARN_NON_LITERAL_NULL_CONVERSION = YES;
				CLANG_WARN_OBJC_IMPLICIT_RETAIN_SELF = YES;
				CLANG_WARN_OBJC_LITERAL_CONVERSION = YES;
				CLANG_WARN_OBJC_ROOT_CLASS = YES_ERROR;
				CLANG_WARN_QUOTED_INCLUDE_IN_FRAMEWORK_HEADER = YES;
				CLANG_WARN_RANGE_LOOP_ANALYSIS = YES;
				CLANG_WARN_STRICT_PROTOTYPES = YES;
				CLANG_WARN_SUSPICIOUS_MOVE = YES;
				CLANG_WARN_UNGUARDED_AVAILABILITY = YES_AGGRESSIVE;
				CLANG_WARN_UNREACHABLE_CODE = YES;
				CLANG_WARN__DUPLICATE_METHOD_MATCH = YES;
				COPY_PHASE_STRIP = NO;
				DEBUG_INFORMATION_FORMAT = "dwarf-with-dsym";
				ENABLE_NS_ASSERTIONS = NO;
				ENABLE_STRICT_OBJC_MSGSEND = YES;
				ENABLE_USER_SCRIPT_SANDBOXING = YES;
				GCC_C_LANGUAGE_STANDARD = gnu17;
				GCC_NO_COMMON_BLOCKS = YES;
				GCC_WARN_64_TO_32_BIT_CONVERSION = YES;
				GCC_WARN_ABOUT_RETURN_TYPE = YES_ERROR;
				GCC_WARN_UNDECLARED_SELECTOR = YES;
				GCC_WARN_UNINITIALIZED_AUTOS = YES_AGGRESSIVE;
				GCC_WARN_UNUSED_FUNCTION = YES;
				GCC_WARN_UNUSED_VARIABLE = YES;
				IPHONEOS_DEPLOYMENT_TARGET = 17.2;
				LOCALIZATION_PREFERS_STRING_CATALOGS = YES;
				MTL_ENABLE_DEBUG_INFO = NO;
				MTL_FAST_MATH = YES;
				SDKROOT = iphoneos;
				SWIFT_COMPILATION_MODE = wholemodule;
				VALIDATE_PRODUCT = YES;
			};
			name = Release;
		};
		BF5D1F002C68A1DD00D84AAA /* Debug */ = {
			isa = XCBuildConfiguration;
			baseConfigurationReference = BF421C251D4961942BFA35C0 /* Pods-TodoList_App.debug.xcconfig */;
			buildSettings = {
				ASSETCATALOG_COMPILER_APPICON_NAME = AppIcon;
				ASSETCATALOG_COMPILER_GLOBAL_ACCENT_COLOR_NAME = AccentColor;
				ASSETCATALOG_COMPILER_INCLUDE_ALL_APPICON_ASSETS = YES;
				CODE_SIGN_STYLE = Automatic;
				CURRENT_PROJECT_VERSION = 1;
				DEVELOPMENT_TEAM = "";
				ENABLE_USER_SCRIPT_SANDBOXING = NO;
				GENERATE_INFOPLIST_FILE = YES;
				INFOPLIST_FILE = TodoList_App/Info.plist;
				INFOPLIST_KEY_UIApplicationSupportsIndirectInputEvents = YES;
				INFOPLIST_KEY_UILaunchStoryboardName = LoginViewController.xib;
				INFOPLIST_KEY_UIMainStoryboardFile = "";
				INFOPLIST_KEY_UISupportedInterfaceOrientations_iPad = "UIInterfaceOrientationPortrait UIInterfaceOrientationPortraitUpsideDown UIInterfaceOrientationLandscapeLeft UIInterfaceOrientationLandscapeRight";
				INFOPLIST_KEY_UISupportedInterfaceOrientations_iPhone = "UIInterfaceOrientationPortrait UIInterfaceOrientationLandscapeLeft UIInterfaceOrientationLandscapeRight";
				LD_RUNPATH_SEARCH_PATHS = (
					"$(inherited)",
					"@executable_path/Frameworks",
				);
				MARKETING_VERSION = 1.0;
				PRODUCT_BUNDLE_IDENTIFIER = "com.TodoList-App";
				PRODUCT_NAME = "$(TARGET_NAME)";
				SWIFT_EMIT_LOC_STRINGS = YES;
				SWIFT_VERSION = 5.0;
				TARGETED_DEVICE_FAMILY = "1,2";
			};
			name = Debug;
		};
		BF5D1F012C68A1DD00D84AAA /* Release */ = {
			isa = XCBuildConfiguration;
			baseConfigurationReference = 0B44CF0A3CCEC1A4C1A02272 /* Pods-TodoList_App.release.xcconfig */;
			buildSettings = {
				ASSETCATALOG_COMPILER_APPICON_NAME = AppIcon;
				ASSETCATALOG_COMPILER_GLOBAL_ACCENT_COLOR_NAME = AccentColor;
				ASSETCATALOG_COMPILER_INCLUDE_ALL_APPICON_ASSETS = YES;
				CODE_SIGN_STYLE = Automatic;
				CURRENT_PROJECT_VERSION = 1;
				DEVELOPMENT_TEAM = "";
				ENABLE_USER_SCRIPT_SANDBOXING = NO;
				GENERATE_INFOPLIST_FILE = YES;
				INFOPLIST_FILE = TodoList_App/Info.plist;
				INFOPLIST_KEY_UIApplicationSupportsIndirectInputEvents = YES;
				INFOPLIST_KEY_UILaunchStoryboardName = LoginViewController.xib;
				INFOPLIST_KEY_UIMainStoryboardFile = "";
				INFOPLIST_KEY_UISupportedInterfaceOrientations_iPad = "UIInterfaceOrientationPortrait UIInterfaceOrientationPortraitUpsideDown UIInterfaceOrientationLandscapeLeft UIInterfaceOrientationLandscapeRight";
				INFOPLIST_KEY_UISupportedInterfaceOrientations_iPhone = "UIInterfaceOrientationPortrait UIInterfaceOrientationLandscapeLeft UIInterfaceOrientationLandscapeRight";
				LD_RUNPATH_SEARCH_PATHS = (
					"$(inherited)",
					"@executable_path/Frameworks",
				);
				MARKETING_VERSION = 1.0;
				PRODUCT_BUNDLE_IDENTIFIER = "com.TodoList-App";
				PRODUCT_NAME = "$(TARGET_NAME)";
				SWIFT_EMIT_LOC_STRINGS = YES;
				SWIFT_VERSION = 5.0;
				TARGETED_DEVICE_FAMILY = "1,2";
			};
			name = Release;
		};
		BF5D1F032C68A1DD00D84AAA /* Debug */ = {
			isa = XCBuildConfiguration;
			baseConfigurationReference = 6CA275BC56424E9EF21C2506 /* Pods-TodoList_AppTests.debug.xcconfig */;
			buildSettings = {
				ALWAYS_EMBED_SWIFT_STANDARD_LIBRARIES = YES;
				BUNDLE_LOADER = "$(TEST_HOST)";
				CODE_SIGN_STYLE = Automatic;
				CURRENT_PROJECT_VERSION = 1;
				GENERATE_INFOPLIST_FILE = YES;
				IPHONEOS_DEPLOYMENT_TARGET = 17.2;
				MARKETING_VERSION = 1.0;
				PRODUCT_BUNDLE_IDENTIFIER = "com.TodoList-AppTests";
				PRODUCT_NAME = "$(TARGET_NAME)";
				SWIFT_EMIT_LOC_STRINGS = NO;
				SWIFT_VERSION = 5.0;
				TARGETED_DEVICE_FAMILY = "1,2";
				TEST_HOST = "$(BUILT_PRODUCTS_DIR)/TodoList_App.app/$(BUNDLE_EXECUTABLE_FOLDER_PATH)/TodoList_App";
			};
			name = Debug;
		};
		BF5D1F042C68A1DD00D84AAA /* Release */ = {
			isa = XCBuildConfiguration;
			baseConfigurationReference = 0A3EB272B88648BF8B4E6574 /* Pods-TodoList_AppTests.release.xcconfig */;
			buildSettings = {
				ALWAYS_EMBED_SWIFT_STANDARD_LIBRARIES = YES;
				BUNDLE_LOADER = "$(TEST_HOST)";
				CODE_SIGN_STYLE = Automatic;
				CURRENT_PROJECT_VERSION = 1;
				GENERATE_INFOPLIST_FILE = YES;
				IPHONEOS_DEPLOYMENT_TARGET = 17.2;
				MARKETING_VERSION = 1.0;
				PRODUCT_BUNDLE_IDENTIFIER = "com.TodoList-AppTests";
				PRODUCT_NAME = "$(TARGET_NAME)";
				SWIFT_EMIT_LOC_STRINGS = NO;
				SWIFT_VERSION = 5.0;
				TARGETED_DEVICE_FAMILY = "1,2";
				TEST_HOST = "$(BUILT_PRODUCTS_DIR)/TodoList_App.app/$(BUNDLE_EXECUTABLE_FOLDER_PATH)/TodoList_App";
			};
			name = Release;
		};
		BF5D1F062C68A1DD00D84AAA /* Debug */ = {
			isa = XCBuildConfiguration;
			baseConfigurationReference = 3521F1F5DBFB9776391167FC /* Pods-TodoList_App-TodoList_AppUITests.debug.xcconfig */;
			buildSettings = {
				ALWAYS_EMBED_SWIFT_STANDARD_LIBRARIES = YES;
				CODE_SIGN_STYLE = Automatic;
				CURRENT_PROJECT_VERSION = 1;
				GENERATE_INFOPLIST_FILE = YES;
				MARKETING_VERSION = 1.0;
				PRODUCT_BUNDLE_IDENTIFIER = "com.TodoList-AppUITests";
				PRODUCT_NAME = "$(TARGET_NAME)";
				SWIFT_EMIT_LOC_STRINGS = NO;
				SWIFT_VERSION = 5.0;
				TARGETED_DEVICE_FAMILY = "1,2";
				TEST_TARGET_NAME = TodoList_App;
			};
			name = Debug;
		};
		BF5D1F072C68A1DD00D84AAA /* Release */ = {
			isa = XCBuildConfiguration;
			baseConfigurationReference = E687F38019F382F212B98F6E /* Pods-TodoList_App-TodoList_AppUITests.release.xcconfig */;
			buildSettings = {
				ALWAYS_EMBED_SWIFT_STANDARD_LIBRARIES = YES;
				CODE_SIGN_STYLE = Automatic;
				CURRENT_PROJECT_VERSION = 1;
				GENERATE_INFOPLIST_FILE = YES;
				MARKETING_VERSION = 1.0;
				PRODUCT_BUNDLE_IDENTIFIER = "com.TodoList-AppUITests";
				PRODUCT_NAME = "$(TARGET_NAME)";
				SWIFT_EMIT_LOC_STRINGS = NO;
				SWIFT_VERSION = 5.0;
				TARGETED_DEVICE_FAMILY = "1,2";
				TEST_TARGET_NAME = TodoList_App;
			};
			name = Release;
		};
/* End XCBuildConfiguration section */

/* Begin XCConfigurationList section */
		BF5D1ED02C68A1DA00D84AAA /* Build configuration list for PBXProject "TodoList_App" */ = {
			isa = XCConfigurationList;
			buildConfigurations = (
				BF5D1EFD2C68A1DD00D84AAA /* Debug */,
				BF5D1EFE2C68A1DD00D84AAA /* Release */,
			);
			defaultConfigurationIsVisible = 0;
			defaultConfigurationName = Release;
		};
		BF5D1EFF2C68A1DD00D84AAA /* Build configuration list for PBXNativeTarget "TodoList_App" */ = {
			isa = XCConfigurationList;
			buildConfigurations = (
				BF5D1F002C68A1DD00D84AAA /* Debug */,
				BF5D1F012C68A1DD00D84AAA /* Release */,
			);
			defaultConfigurationIsVisible = 0;
			defaultConfigurationName = Release;
		};
		BF5D1F022C68A1DD00D84AAA /* Build configuration list for PBXNativeTarget "TodoList_AppTests" */ = {
			isa = XCConfigurationList;
			buildConfigurations = (
				BF5D1F032C68A1DD00D84AAA /* Debug */,
				BF5D1F042C68A1DD00D84AAA /* Release */,
			);
			defaultConfigurationIsVisible = 0;
			defaultConfigurationName = Release;
		};
		BF5D1F052C68A1DD00D84AAA /* Build configuration list for PBXNativeTarget "TodoList_AppUITests" */ = {
			isa = XCConfigurationList;
			buildConfigurations = (
				BF5D1F062C68A1DD00D84AAA /* Debug */,
				BF5D1F072C68A1DD00D84AAA /* Release */,
			);
			defaultConfigurationIsVisible = 0;
			defaultConfigurationName = Release;
		};
/* End XCConfigurationList section */
	};
	rootObject = BF5D1ECD2C68A1DA00D84AAA /* Project object */;
}
